// !$*UTF8*$!
{
	archiveVersion = 1;
	classes = {
	};
	objectVersion = 77;
	objects = {

/* Begin PBXBuildFile section */
		00B5E40EFAACEF80DCDD6FB7 /* RecordingView.swift in Sources */ = {isa = PBXBuildFile; fileRef = F39DA965D02EFC7308722A29 /* RecordingView.swift */; };
		015C75FEAC4608B32DE48F35 /* ConfirmationIndicator.swift in Sources */ = {isa = PBXBuildFile; fileRef = 6851620EF580AA8DC0690882 /* ConfirmationIndicator.swift */; };
		03FBB263CBC7E452E0D4BABC /* TranscriptionError.swift in Sources */ = {isa = PBXBuildFile; fileRef = B9CB3A3E30DBD198AD0B2BDE /* TranscriptionError.swift */; };
		043ACB6FB8D466F0FCA29657 /* AudioRecorderError.swift in Sources */ = {isa = PBXBuildFile; fileRef = 211279053D9EF0974CAF0C16 /* AudioRecorderError.swift */; };
		0856C2C296932DDCAABE2066 /* VaultWriter.swift in Sources */ = {isa = PBXBuildFile; fileRef = E0D7606132771C317CB88059 /* VaultWriter.swift */; };
		0E4B0654F0E9034225E21865 /* RecordingViewModelTests.swift in Sources */ = {isa = PBXBuildFile; fileRef = FEB768559465C8D105B6B30A /* RecordingViewModelTests.swift */; };
		13A7FA00600194707B7566D4 /* SessionManager.swift in Sources */ = {isa = PBXBuildFile; fileRef = 00214B39DE6C71B6F3B39819 /* SessionManager.swift */; };
		1593F0AA101F6CAEFDF7B036 /* Transcribing.swift in Sources */ = {isa = PBXBuildFile; fileRef = 13C5EFA0D2FE5746EB439594 /* Transcribing.swift */; };
		1C3B6D7104A7089218CA406A /* SessionManager.swift in Sources */ = {isa = PBXBuildFile; fileRef = 00214B39DE6C71B6F3B39819 /* SessionManager.swift */; };
		1DB73635FD7A5ED5099A10E5 /* NoteStoreError.swift in Sources */ = {isa = PBXBuildFile; fileRef = 08BE5126FBCCB4248E56A6F1 /* NoteStoreError.swift */; };
		2B800944461E463A9BA2E01B /* RecordingToggleable.swift in Sources */ = {isa = PBXBuildFile; fileRef = 2D545B4DC030D2EB9957215B /* RecordingToggleable.swift */; };
		2D9513135226BBBBD3C417C6 /* MockRecordingToggleable.swift in Sources */ = {isa = PBXBuildFile; fileRef = 9BCF5DA2792750C90C7BE22F /* MockRecordingToggleable.swift */; };
		32C571129F7A769D157849D6 /* WatchPhoneConnector.swift in Sources */ = {isa = PBXBuildFile; fileRef = 0F89EB9591958A097E9BD27C /* WatchPhoneConnector.swift */; };
		4685D9EDE9B7DAA36032D83B /* ActionButtonIntentTests.swift in Sources */ = {isa = PBXBuildFile; fileRef = 83160A7330554086FE7EBF8F /* ActionButtonIntentTests.swift */; };
		480ABB8F6C5C4BFEC8A43918 /* AudioRecording.swift in Sources */ = {isa = PBXBuildFile; fileRef = 716FC6BF259EF0E4B4768E6F /* AudioRecording.swift */; };
		487025E62A4EE5139697E2F5 /* MockTranscriptionEngine.swift in Sources */ = {isa = PBXBuildFile; fileRef = 1BAAB63A982294E2725D1EA6 /* MockTranscriptionEngine.swift */; };
		49BEF78D895E04E72815D9A8 /* ErrorIndicator.swift in Sources */ = {isa = PBXBuildFile; fileRef = A416D13562C09D975C886A65 /* ErrorIndicator.swift */; };
		4D42DA4E1B17107D1E8CFEAC /* VADChunker.swift in Sources */ = {isa = PBXBuildFile; fileRef = 8419EE9079608BB69B29F060 /* VADChunker.swift */; };
		4E370EFADEE6E013918E36F2 /* TranscriptionEngine.swift in Sources */ = {isa = PBXBuildFile; fileRef = 425AEA9E64E4466378509BF7 /* TranscriptionEngine.swift */; };
		51A1FBBEEF014859B2A85678 /* ActionButtonIntent.swift in Sources */ = {isa = PBXBuildFile; fileRef = 38B5403C82633A8F771C4E4E /* ActionButtonIntent.swift */; };
		525A1C8275FC1282F44193CD /* MarkdownFormatterTests.swift in Sources */ = {isa = PBXBuildFile; fileRef = 81ED1F6169522DD4F383EAC8 /* MarkdownFormatterTests.swift */; };
		592948387E866AB7F5CF749A /* PhoneTranscriptionService.swift in Sources */ = {isa = PBXBuildFile; fileRef = 6985A04CCE4D12DA074C11A9 /* PhoneTranscriptionService.swift */; };
		5AE26C5F3B693C6FD3B40612 /* VaultNoteStore.swift in Sources */ = {isa = PBXBuildFile; fileRef = 4F8A9EB477C89D46CE3FBC3F /* VaultNoteStore.swift */; };
		5AE6CC5D2ECACCDA886DAF55 /* PhoneApp.swift in Sources */ = {isa = PBXBuildFile; fileRef = BC1170AF6283AB10C7D7FE84 /* PhoneApp.swift */; };
		5F71C9C2586713F577AF1794 /* Transcribing.swift in Sources */ = {isa = PBXBuildFile; fileRef = 13C5EFA0D2FE5746EB439594 /* Transcribing.swift */; };
		604F5961E1EDDEC7C6432437 /* NoteStoring.swift in Sources */ = {isa = PBXBuildFile; fileRef = 3459B7A1BC86817DE927F2E0 /* NoteStoring.swift */; };
		67F9DEF492C205B610D67290 /* PhoneRecordingView.swift in Sources */ = {isa = PBXBuildFile; fileRef = 3E376BA456E09F1993FBB97A /* PhoneRecordingView.swift */; };
		6F1EDAFEE53C3A4521FB8F08 /* DemoFlowTest.swift in Sources */ = {isa = PBXBuildFile; fileRef = BAB0AB35F3F6B8248317C9D5 /* DemoFlowTest.swift */; };
		7177A68D7BCC4EF603FC3E47 /* RecordingViewModel.swift in Sources */ = {isa = PBXBuildFile; fileRef = 3B33034161EDA8675101CC5F /* RecordingViewModel.swift */; };
		7620B3534576B4DDE30BE552 /* NoteStoring.swift in Sources */ = {isa = PBXBuildFile; fileRef = 3459B7A1BC86817DE927F2E0 /* NoteStoring.swift */; };
		77B1CCC7B6D05182F4A189A1 /* MockAudioRecorder.swift in Sources */ = {isa = PBXBuildFile; fileRef = B6323F3D855E09CB171DCA62 /* MockAudioRecorder.swift */; };
		7EF029B5C8A1D6235FAD01AE /* WatchNoteTakerApp.swift in Sources */ = {isa = PBXBuildFile; fileRef = AB175E0EDC82B4774736C2CF /* WatchNoteTakerApp.swift */; };
		838F2A1BA97919E062EDCD2A /* MarkdownFormatter.swift in Sources */ = {isa = PBXBuildFile; fileRef = 16BDAF1590D3ECFC876D0A79 /* MarkdownFormatter.swift */; };
		86CBDEF41F8E369D7F85EBF2 /* WhisperKit in Frameworks */ = {isa = PBXBuildFile; productRef = 236845C524B6409B34C78785 /* WhisperKit */; };
		8A86637483CA108F78D41017 /* ActionButtonIntent.swift in Sources */ = {isa = PBXBuildFile; fileRef = 38B5403C82633A8F771C4E4E /* ActionButtonIntent.swift */; };
		8E58B08042BC9AEFA468AEA4 /* WatchPhoneConnector.swift in Sources */ = {isa = PBXBuildFile; fileRef = 0F89EB9591958A097E9BD27C /* WatchPhoneConnector.swift */; };
		8E5DFCA49CB1821427BE370A /* NoteStoreError.swift in Sources */ = {isa = PBXBuildFile; fileRef = 08BE5126FBCCB4248E56A6F1 /* NoteStoreError.swift */; };
		9103DDAC8F9AF46BBB68D58B /* MarkdownFormatter.swift in Sources */ = {isa = PBXBuildFile; fileRef = 16BDAF1590D3ECFC876D0A79 /* MarkdownFormatter.swift */; };
		92A48B83ED8C6897F539EFC7 /* RecordingState.swift in Sources */ = {isa = PBXBuildFile; fileRef = 97430E3750310F2DC4756663 /* RecordingState.swift */; };
		9867034100EB128EEAAB4C55 /* whisper-model.bundle in Resources */ = {isa = PBXBuildFile; fileRef = 566A6DA49E948C66CD69E96F /* whisper-model.bundle */; };
		A3BBEB19D88797896F502DA6 /* AudioRecorder.swift in Sources */ = {isa = PBXBuildFile; fileRef = FDEDD635996F8B2509399DF3 /* AudioRecorder.swift */; };
		A426E5D480EFF3E634EAF5AE /* NoteStoreTests.swift in Sources */ = {isa = PBXBuildFile; fileRef = 4182372D0C1688769A8182F7 /* NoteStoreTests.swift */; };
		A74607336CDFE5F9A55036D4 /* AudioRecorder.swift in Sources */ = {isa = PBXBuildFile; fileRef = FDEDD635996F8B2509399DF3 /* AudioRecorder.swift */; };
		A8FC5E8D433CE1C5B85B2344 /* RecordingIndicator.swift in Sources */ = {isa = PBXBuildFile; fileRef = 43D0439F90FCBEAAFD4927F5 /* RecordingIndicator.swift */; };
		A97CD23E567E0EAB4C6B5B46 /* AudioRecording.swift in Sources */ = {isa = PBXBuildFile; fileRef = 716FC6BF259EF0E4B4768E6F /* AudioRecording.swift */; };
		A9CD8E2A76F511E9B03F5FF8 /* ProcessingIndicator.swift in Sources */ = {isa = PBXBuildFile; fileRef = D10D2A5C384D2301033BC60E /* ProcessingIndicator.swift */; };
		AA6FFF114F9D25516A6D80B0 /* RecordingState.swift in Sources */ = {isa = PBXBuildFile; fileRef = 97430E3750310F2DC4756663 /* RecordingState.swift */; };
		B6456617644A0520FD5E1994 /* AudioRecorderError.swift in Sources */ = {isa = PBXBuildFile; fileRef = 211279053D9EF0974CAF0C16 /* AudioRecorderError.swift */; };
		B9D90BDF0381F382FF007CCE /* TranscriptionEngine.swift in Sources */ = {isa = PBXBuildFile; fileRef = 425AEA9E64E4466378509BF7 /* TranscriptionEngine.swift */; };
		C715FAA58BCD1E1182C46955 /* AudioConverter.swift in Sources */ = {isa = PBXBuildFile; fileRef = A4E6C877E5E490F9147389D8 /* AudioConverter.swift */; };
		D03A1968D5CCA8EF0238A4C3 /* ReadyIndicator.swift in Sources */ = {isa = PBXBuildFile; fileRef = 36C84FC692AC67C00DC3CFC7 /* ReadyIndicator.swift */; };
		D138BC95E07D4B5C4391E523 /* TranscriptionError.swift in Sources */ = {isa = PBXBuildFile; fileRef = B9CB3A3E30DBD198AD0B2BDE /* TranscriptionError.swift */; };
		D2D3F45F893EAE016EC49DAE /* NoteStore.swift in Sources */ = {isa = PBXBuildFile; fileRef = 4B63C53E7C3F5A50B21330B8 /* NoteStore.swift */; };
		E4D97ABBF894B42DD5E3C7A6 /* NoteStore.swift in Sources */ = {isa = PBXBuildFile; fileRef = 4B63C53E7C3F5A50B21330B8 /* NoteStore.swift */; };
		E764549057040D94DCEA77B1 /* VADChunker.swift in Sources */ = {isa = PBXBuildFile; fileRef = 8419EE9079608BB69B29F060 /* VADChunker.swift */; };
		E8FA9EDDD8B69361CFD9D44A /* RecordingViewModel.swift in Sources */ = {isa = PBXBuildFile; fileRef = 3B33034161EDA8675101CC5F /* RecordingViewModel.swift */; };
		E9CD08577BD99DEB1133E08F /* WhisperKit in Frameworks */ = {isa = PBXBuildFile; productRef = F26959D9A7ECCD0512DB8F3E /* WhisperKit */; };
		EDE60AF6B4470A207855BDD6 /* MockTranscriptionForDemo.swift in Sources */ = {isa = PBXBuildFile; fileRef = 6DCF524937B7CA0BFD0473B6 /* MockTranscriptionForDemo.swift */; };
		EE802871912DD6B00DC1943D /* RecordingToggleable.swift in Sources */ = {isa = PBXBuildFile; fileRef = 2D545B4DC030D2EB9957215B /* RecordingToggleable.swift */; };
		EF85AA0A688791D19CF6F0FD /* MockNoteStore.swift in Sources */ = {isa = PBXBuildFile; fileRef = 624C68A84B11F07CF758D02B /* MockNoteStore.swift */; };
		F02ACF5659793D8126C827AB /* AudioConverter.swift in Sources */ = {isa = PBXBuildFile; fileRef = A4E6C877E5E490F9147389D8 /* AudioConverter.swift */; };
		F30A46743F335D4716C5B248 /* MockAudioRecorderForDemo.swift in Sources */ = {isa = PBXBuildFile; fileRef = FD726454AC309079B680AFAE /* MockAudioRecorderForDemo.swift */; };
/* End PBXBuildFile section */

/* Begin PBXContainerItemProxy section */
		025B9D0E789EF3928F91A7C0 /* PBXContainerItemProxy */ = {
			isa = PBXContainerItemProxy;
			containerPortal = EF998D9404C656506E0DE8B2 /* Project object */;
			proxyType = 1;
			remoteGlobalIDString = 2D888CE2EEE28528AA09E63D;
			remoteInfo = WatchNoteTaker;
		};
		1080E791BCF8EF98E32EB7E7 /* PBXContainerItemProxy */ = {
			isa = PBXContainerItemProxy;
			containerPortal = EF998D9404C656506E0DE8B2 /* Project object */;
			proxyType = 1;
			remoteGlobalIDString = 2D888CE2EEE28528AA09E63D;
			remoteInfo = WatchNoteTaker;
		};
/* End PBXContainerItemProxy section */

/* Begin PBXFileReference section */
		00214B39DE6C71B6F3B39819 /* SessionManager.swift */ = {isa = PBXFileReference; lastKnownFileType = sourcecode.swift; path = SessionManager.swift; sourceTree = "<group>"; };
		08BE5126FBCCB4248E56A6F1 /* NoteStoreError.swift */ = {isa = PBXFileReference; lastKnownFileType = sourcecode.swift; path = NoteStoreError.swift; sourceTree = "<group>"; };
		0F89EB9591958A097E9BD27C /* WatchPhoneConnector.swift */ = {isa = PBXFileReference; lastKnownFileType = sourcecode.swift; path = WatchPhoneConnector.swift; sourceTree = "<group>"; };
		13C5EFA0D2FE5746EB439594 /* Transcribing.swift */ = {isa = PBXFileReference; lastKnownFileType = sourcecode.swift; path = Transcribing.swift; sourceTree = "<group>"; };
		16BDAF1590D3ECFC876D0A79 /* MarkdownFormatter.swift */ = {isa = PBXFileReference; lastKnownFileType = sourcecode.swift; path = MarkdownFormatter.swift; sourceTree = "<group>"; };
		1BAAB63A982294E2725D1EA6 /* MockTranscriptionEngine.swift */ = {isa = PBXFileReference; lastKnownFileType = sourcecode.swift; path = MockTranscriptionEngine.swift; sourceTree = "<group>"; };
		211279053D9EF0974CAF0C16 /* AudioRecorderError.swift */ = {isa = PBXFileReference; lastKnownFileType = sourcecode.swift; path = AudioRecorderError.swift; sourceTree = "<group>"; };
		2D545B4DC030D2EB9957215B /* RecordingToggleable.swift */ = {isa = PBXFileReference; lastKnownFileType = sourcecode.swift; path = RecordingToggleable.swift; sourceTree = "<group>"; };
		3459B7A1BC86817DE927F2E0 /* NoteStoring.swift */ = {isa = PBXFileReference; lastKnownFileType = sourcecode.swift; path = NoteStoring.swift; sourceTree = "<group>"; };
		36C84FC692AC67C00DC3CFC7 /* ReadyIndicator.swift */ = {isa = PBXFileReference; lastKnownFileType = sourcecode.swift; path = ReadyIndicator.swift; sourceTree = "<group>"; };
		38B5403C82633A8F771C4E4E /* ActionButtonIntent.swift */ = {isa = PBXFileReference; lastKnownFileType = sourcecode.swift; path = ActionButtonIntent.swift; sourceTree = "<group>"; };
		3B33034161EDA8675101CC5F /* RecordingViewModel.swift */ = {isa = PBXFileReference; lastKnownFileType = sourcecode.swift; path = RecordingViewModel.swift; sourceTree = "<group>"; };
		3E376BA456E09F1993FBB97A /* PhoneRecordingView.swift */ = {isa = PBXFileReference; lastKnownFileType = sourcecode.swift; path = PhoneRecordingView.swift; sourceTree = "<group>"; };
		4182372D0C1688769A8182F7 /* NoteStoreTests.swift */ = {isa = PBXFileReference; lastKnownFileType = sourcecode.swift; path = NoteStoreTests.swift; sourceTree = "<group>"; };
		425AEA9E64E4466378509BF7 /* TranscriptionEngine.swift */ = {isa = PBXFileReference; lastKnownFileType = sourcecode.swift; path = TranscriptionEngine.swift; sourceTree = "<group>"; };
		43D0439F90FCBEAAFD4927F5 /* RecordingIndicator.swift */ = {isa = PBXFileReference; lastKnownFileType = sourcecode.swift; path = RecordingIndicator.swift; sourceTree = "<group>"; };
		4B63C53E7C3F5A50B21330B8 /* NoteStore.swift */ = {isa = PBXFileReference; lastKnownFileType = sourcecode.swift; path = NoteStore.swift; sourceTree = "<group>"; };
		4F8A9EB477C89D46CE3FBC3F /* VaultNoteStore.swift */ = {isa = PBXFileReference; lastKnownFileType = sourcecode.swift; path = VaultNoteStore.swift; sourceTree = "<group>"; };
		566A6DA49E948C66CD69E96F /* whisper-model.bundle */ = {isa = PBXFileReference; lastKnownFileType = wrapper.cfbundle; path = "whisper-model.bundle"; sourceTree = "<group>"; };
		58592AC8AA7D9B8CFEEFF388 /* WatchNoteTaker.app */ = {isa = PBXFileReference; explicitFileType = wrapper.application; includeInIndex = 0; path = WatchNoteTaker.app; sourceTree = BUILT_PRODUCTS_DIR; };
		624C68A84B11F07CF758D02B /* MockNoteStore.swift */ = {isa = PBXFileReference; lastKnownFileType = sourcecode.swift; path = MockNoteStore.swift; sourceTree = "<group>"; };
		63C6E30B489412167DC4D921 /* WatchNoteTakerPhone.app */ = {isa = PBXFileReference; includeInIndex = 0; lastKnownFileType = wrapper.application; path = WatchNoteTakerPhone.app; sourceTree = BUILT_PRODUCTS_DIR; };
		6851620EF580AA8DC0690882 /* ConfirmationIndicator.swift */ = {isa = PBXFileReference; lastKnownFileType = sourcecode.swift; path = ConfirmationIndicator.swift; sourceTree = "<group>"; };
		6985A04CCE4D12DA074C11A9 /* PhoneTranscriptionService.swift */ = {isa = PBXFileReference; lastKnownFileType = sourcecode.swift; path = PhoneTranscriptionService.swift; sourceTree = "<group>"; };
		6DCF524937B7CA0BFD0473B6 /* MockTranscriptionForDemo.swift */ = {isa = PBXFileReference; lastKnownFileType = sourcecode.swift; path = MockTranscriptionForDemo.swift; sourceTree = "<group>"; };
		716FC6BF259EF0E4B4768E6F /* AudioRecording.swift */ = {isa = PBXFileReference; lastKnownFileType = sourcecode.swift; path = AudioRecording.swift; sourceTree = "<group>"; };
		81ED1F6169522DD4F383EAC8 /* MarkdownFormatterTests.swift */ = {isa = PBXFileReference; lastKnownFileType = sourcecode.swift; path = MarkdownFormatterTests.swift; sourceTree = "<group>"; };
		83160A7330554086FE7EBF8F /* ActionButtonIntentTests.swift */ = {isa = PBXFileReference; lastKnownFileType = sourcecode.swift; path = ActionButtonIntentTests.swift; sourceTree = "<group>"; };
		8419EE9079608BB69B29F060 /* VADChunker.swift */ = {isa = PBXFileReference; lastKnownFileType = sourcecode.swift; path = VADChunker.swift; sourceTree = "<group>"; };
		94E88085D333F1AB6118C404 /* WatchNoteTaker.entitlements */ = {isa = PBXFileReference; lastKnownFileType = text.plist.entitlements; path = WatchNoteTaker.entitlements; sourceTree = "<group>"; };
		97430E3750310F2DC4756663 /* RecordingState.swift */ = {isa = PBXFileReference; lastKnownFileType = sourcecode.swift; path = RecordingState.swift; sourceTree = "<group>"; };
		9BCF5DA2792750C90C7BE22F /* MockRecordingToggleable.swift */ = {isa = PBXFileReference; lastKnownFileType = sourcecode.swift; path = MockRecordingToggleable.swift; sourceTree = "<group>"; };
		A416D13562C09D975C886A65 /* ErrorIndicator.swift */ = {isa = PBXFileReference; lastKnownFileType = sourcecode.swift; path = ErrorIndicator.swift; sourceTree = "<group>"; };
		A4E6C877E5E490F9147389D8 /* AudioConverter.swift */ = {isa = PBXFileReference; lastKnownFileType = sourcecode.swift; path = AudioConverter.swift; sourceTree = "<group>"; };
		AB175E0EDC82B4774736C2CF /* WatchNoteTakerApp.swift */ = {isa = PBXFileReference; lastKnownFileType = sourcecode.swift; path = WatchNoteTakerApp.swift; sourceTree = "<group>"; };
		B6323F3D855E09CB171DCA62 /* MockAudioRecorder.swift */ = {isa = PBXFileReference; lastKnownFileType = sourcecode.swift; path = MockAudioRecorder.swift; sourceTree = "<group>"; };
		B9CB3A3E30DBD198AD0B2BDE /* TranscriptionError.swift */ = {isa = PBXFileReference; lastKnownFileType = sourcecode.swift; path = TranscriptionError.swift; sourceTree = "<group>"; };
		BAB0AB35F3F6B8248317C9D5 /* DemoFlowTest.swift */ = {isa = PBXFileReference; lastKnownFileType = sourcecode.swift; path = DemoFlowTest.swift; sourceTree = "<group>"; };
		BC1170AF6283AB10C7D7FE84 /* PhoneApp.swift */ = {isa = PBXFileReference; lastKnownFileType = sourcecode.swift; path = PhoneApp.swift; sourceTree = "<group>"; };
		D10D2A5C384D2301033BC60E /* ProcessingIndicator.swift */ = {isa = PBXFileReference; lastKnownFileType = sourcecode.swift; path = ProcessingIndicator.swift; sourceTree = "<group>"; };
		E0D7606132771C317CB88059 /* VaultWriter.swift */ = {isa = PBXFileReference; lastKnownFileType = sourcecode.swift; path = VaultWriter.swift; sourceTree = "<group>"; };
		E10067350EA9C65E4BFA946E /* WatchNoteTakerUITests.xctest */ = {isa = PBXFileReference; explicitFileType = wrapper.cfbundle; includeInIndex = 0; path = WatchNoteTakerUITests.xctest; sourceTree = BUILT_PRODUCTS_DIR; };
		F39DA965D02EFC7308722A29 /* RecordingView.swift */ = {isa = PBXFileReference; lastKnownFileType = sourcecode.swift; path = RecordingView.swift; sourceTree = "<group>"; };
		F94C5254F3C40D0B6E44BBBD /* WatchNoteTakerTests.xctest */ = {isa = PBXFileReference; explicitFileType = wrapper.cfbundle; includeInIndex = 0; path = WatchNoteTakerTests.xctest; sourceTree = BUILT_PRODUCTS_DIR; };
		FD726454AC309079B680AFAE /* MockAudioRecorderForDemo.swift */ = {isa = PBXFileReference; lastKnownFileType = sourcecode.swift; path = MockAudioRecorderForDemo.swift; sourceTree = "<group>"; };
		FDEDD635996F8B2509399DF3 /* AudioRecorder.swift */ = {isa = PBXFileReference; lastKnownFileType = sourcecode.swift; path = AudioRecorder.swift; sourceTree = "<group>"; };
		FEB768559465C8D105B6B30A /* RecordingViewModelTests.swift */ = {isa = PBXFileReference; lastKnownFileType = sourcecode.swift; path = RecordingViewModelTests.swift; sourceTree = "<group>"; };
/* End PBXFileReference section */

/* Begin PBXFrameworksBuildPhase section */
		5D921A518EA1066A5D25120C /* Frameworks */ = {
			isa = PBXFrameworksBuildPhase;
			buildActionMask = 2147483647;
			files = (
				E9CD08577BD99DEB1133E08F /* WhisperKit in Frameworks */,
			);
			runOnlyForDeploymentPostprocessing = 0;
		};
		7593FB67CF5616ED90243171 /* Frameworks */ = {
			isa = PBXFrameworksBuildPhase;
			buildActionMask = 2147483647;
			files = (
				86CBDEF41F8E369D7F85EBF2 /* WhisperKit in Frameworks */,
			);
			runOnlyForDeploymentPostprocessing = 0;
		};
/* End PBXFrameworksBuildPhase section */

/* Begin PBXGroup section */
		0272A75C7C2C3BFE6EC7C065 /* Services */ = {
			isa = PBXGroup;
			children = (
				6985A04CCE4D12DA074C11A9 /* PhoneTranscriptionService.swift */,
				4F8A9EB477C89D46CE3FBC3F /* VaultNoteStore.swift */,
				E0D7606132771C317CB88059 /* VaultWriter.swift */,
			);
			path = Services;
			sourceTree = "<group>";
		};
		13D4230A62F29AD298713F7F /* Transcription */ = {
			isa = PBXGroup;
			children = (
				1BAAB63A982294E2725D1EA6 /* MockTranscriptionEngine.swift */,
			);
			path = Transcription;
			sourceTree = "<group>";
		};
		15B17032BAE6718C39040322 /* Transcription */ = {
			isa = PBXGroup;
			children = (
				425AEA9E64E4466378509BF7 /* TranscriptionEngine.swift */,
				B9CB3A3E30DBD198AD0B2BDE /* TranscriptionError.swift */,
			);
			path = Transcription;
			sourceTree = "<group>";
		};
		16D60BC8CE6C139FAD4548DB /* ActionButton */ = {
			isa = PBXGroup;
			children = (
				83160A7330554086FE7EBF8F /* ActionButtonIntentTests.swift */,
			);
			path = ActionButton;
			sourceTree = "<group>";
		};
		1FD2C103ACFB4F9389BB8040 /* ActionButton */ = {
			isa = PBXGroup;
			children = (
				38B5403C82633A8F771C4E4E /* ActionButtonIntent.swift */,
			);
			path = ActionButton;
			sourceTree = "<group>";
		};
		252A829B472009896EF54F06 /* Indicators */ = {
			isa = PBXGroup;
			children = (
				6851620EF580AA8DC0690882 /* ConfirmationIndicator.swift */,
				A416D13562C09D975C886A65 /* ErrorIndicator.swift */,
				D10D2A5C384D2301033BC60E /* ProcessingIndicator.swift */,
				36C84FC692AC67C00DC3CFC7 /* ReadyIndicator.swift */,
				43D0439F90FCBEAAFD4927F5 /* RecordingIndicator.swift */,
			);
			path = Indicators;
			sourceTree = "<group>";
		};
		304FA20609778FDCFDE55356 /* ViewModels */ = {
			isa = PBXGroup;
			children = (
				9BCF5DA2792750C90C7BE22F /* MockRecordingToggleable.swift */,
				FEB768559465C8D105B6B30A /* RecordingViewModelTests.swift */,
			);
			path = ViewModels;
			sourceTree = "<group>";
		};
		442068100EBBCC206B10C5A0 /* Audio */ = {
			isa = PBXGroup;
			children = (
				A4E6C877E5E490F9147389D8 /* AudioConverter.swift */,
				FDEDD635996F8B2509399DF3 /* AudioRecorder.swift */,
				211279053D9EF0974CAF0C16 /* AudioRecorderError.swift */,
				00214B39DE6C71B6F3B39819 /* SessionManager.swift */,
				8419EE9079608BB69B29F060 /* VADChunker.swift */,
			);
			path = Audio;
			sourceTree = "<group>";
		};
		473669620C3B5C25A3DD1C25 /* Formatting */ = {
			isa = PBXGroup;
			children = (
				81ED1F6169522DD4F383EAC8 /* MarkdownFormatterTests.swift */,
			);
			path = Formatting;
			sourceTree = "<group>";
		};
		4C8F3BF55C16FB499A3265FA /* Audio */ = {
			isa = PBXGroup;
			children = (
				B6323F3D855E09CB171DCA62 /* MockAudioRecorder.swift */,
			);
			path = Audio;
			sourceTree = "<group>";
		};
		52D0A075FA8DC0FF4999F143 /* Resources */ = {
			isa = PBXGroup;
			children = (
				566A6DA49E948C66CD69E96F /* whisper-model.bundle */,
			);
			path = Resources;
			sourceTree = "<group>";
		};
		5C23892925D86DD42A043984 /* Shared */ = {
			isa = PBXGroup;
			children = (
				1FD2C103ACFB4F9389BB8040 /* ActionButton */,
				442068100EBBCC206B10C5A0 /* Audio */,
				A765161DCD230159956506F5 /* Connectivity */,
				A66B52833DDD1888747B2C4C /* Formatting */,
				89B455CD663117A91ADF9AA2 /* Models */,
				D8C9508302E031216934D41A /* Protocols */,
				89E15C153F352AAF4D962936 /* Store */,
				15B17032BAE6718C39040322 /* Transcription */,
				786F5446AE16D6ECA14FF51C /* ViewModels */,
			);
			path = Shared;
			sourceTree = "<group>";
		};
		6442610F0594BC623FE76820 /* Views */ = {
			isa = PBXGroup;
			children = (
				3E376BA456E09F1993FBB97A /* PhoneRecordingView.swift */,
			);
			path = Views;
			sourceTree = "<group>";
		};
		786F5446AE16D6ECA14FF51C /* ViewModels */ = {
			isa = PBXGroup;
			children = (
				3B33034161EDA8675101CC5F /* RecordingViewModel.swift */,
			);
			path = ViewModels;
			sourceTree = "<group>";
		};
		79B45CEB007267E38E795960 /* Products */ = {
			isa = PBXGroup;
			children = (
				58592AC8AA7D9B8CFEEFF388 /* WatchNoteTaker.app */,
				63C6E30B489412167DC4D921 /* WatchNoteTakerPhone.app */,
				F94C5254F3C40D0B6E44BBBD /* WatchNoteTakerTests.xctest */,
				E10067350EA9C65E4BFA946E /* WatchNoteTakerUITests.xctest */,
			);
			name = Products;
			sourceTree = "<group>";
		};
		89B455CD663117A91ADF9AA2 /* Models */ = {
			isa = PBXGroup;
			children = (
				97430E3750310F2DC4756663 /* RecordingState.swift */,
			);
			path = Models;
			sourceTree = "<group>";
		};
		89E15C153F352AAF4D962936 /* Store */ = {
			isa = PBXGroup;
			children = (
				4B63C53E7C3F5A50B21330B8 /* NoteStore.swift */,
				08BE5126FBCCB4248E56A6F1 /* NoteStoreError.swift */,
			);
			path = Store;
			sourceTree = "<group>";
		};
		A062994AC617C047FF60C8C4 /* Transcription */ = {
			isa = PBXGroup;
			children = (
				6DCF524937B7CA0BFD0473B6 /* MockTranscriptionForDemo.swift */,
			);
			path = Transcription;
			sourceTree = "<group>";
		};
		A1EFC6EACD01882BFBA97C4B /* Views */ = {
			isa = PBXGroup;
			children = (
				F39DA965D02EFC7308722A29 /* RecordingView.swift */,
				252A829B472009896EF54F06 /* Indicators */,
			);
			path = Views;
			sourceTree = "<group>";
		};
		A30D72D8F4159F00183C8C0F /* App */ = {
			isa = PBXGroup;
			children = (
				AB175E0EDC82B4774736C2CF /* WatchNoteTakerApp.swift */,
			);
			path = App;
			sourceTree = "<group>";
		};
		A47C700479C4ADAD71292C7A /* WatchNoteTaker */ = {
			isa = PBXGroup;
			children = (
				94E88085D333F1AB6118C404 /* WatchNoteTaker.entitlements */,
				A30D72D8F4159F00183C8C0F /* App */,
				F4D2BA7D3E1619E67768F1E3 /* Sources */,
			);
			path = WatchNoteTaker;
			sourceTree = "<group>";
		};
		A66B52833DDD1888747B2C4C /* Formatting */ = {
			isa = PBXGroup;
			children = (
				16BDAF1590D3ECFC876D0A79 /* MarkdownFormatter.swift */,
			);
			path = Formatting;
			sourceTree = "<group>";
		};
		A765161DCD230159956506F5 /* Connectivity */ = {
			isa = PBXGroup;
			children = (
				0F89EB9591958A097E9BD27C /* WatchPhoneConnector.swift */,
			);
			path = Connectivity;
			sourceTree = "<group>";
		};
		ABF1216356583DD0DB73D9F6 /* WatchNoteTakerTests */ = {
			isa = PBXGroup;
			children = (
				16D60BC8CE6C139FAD4548DB /* ActionButton */,
				4C8F3BF55C16FB499A3265FA /* Audio */,
				473669620C3B5C25A3DD1C25 /* Formatting */,
				B268F664A070AACCCEE735A7 /* Store */,
				13D4230A62F29AD298713F7F /* Transcription */,
				304FA20609778FDCFDE55356 /* ViewModels */,
			);
			path = WatchNoteTakerTests;
			sourceTree = "<group>";
		};
		AF638E41E47BCF6C6E18178E /* Audio */ = {
			isa = PBXGroup;
			children = (
				FD726454AC309079B680AFAE /* MockAudioRecorderForDemo.swift */,
			);
			path = Audio;
			sourceTree = "<group>";
		};
		B268F664A070AACCCEE735A7 /* Store */ = {
			isa = PBXGroup;
			children = (
				624C68A84B11F07CF758D02B /* MockNoteStore.swift */,
				4182372D0C1688769A8182F7 /* NoteStoreTests.swift */,
			);
			path = Store;
			sourceTree = "<group>";
		};
		B4F07A77ADE2EE96EACB24C2 /* WatchNoteTakerPhone */ = {
			isa = PBXGroup;
			children = (
				CDCE4DAC305351B1785035AD /* App */,
				52D0A075FA8DC0FF4999F143 /* Resources */,
				0272A75C7C2C3BFE6EC7C065 /* Services */,
				6442610F0594BC623FE76820 /* Views */,
			);
			path = WatchNoteTakerPhone;
			sourceTree = "<group>";
		};
		CDCE4DAC305351B1785035AD /* App */ = {
			isa = PBXGroup;
			children = (
				BC1170AF6283AB10C7D7FE84 /* PhoneApp.swift */,
			);
			path = App;
			sourceTree = "<group>";
		};
		D06A7C817CE0B94C5F04E3DB = {
			isa = PBXGroup;
			children = (
				5C23892925D86DD42A043984 /* Shared */,
				A47C700479C4ADAD71292C7A /* WatchNoteTaker */,
				B4F07A77ADE2EE96EACB24C2 /* WatchNoteTakerPhone */,
				ABF1216356583DD0DB73D9F6 /* WatchNoteTakerTests */,
				F6C2A1517174590CDB4ED4E8 /* WatchNoteTakerUITests */,
				79B45CEB007267E38E795960 /* Products */,
			);
			sourceTree = "<group>";
		};
		D8C9508302E031216934D41A /* Protocols */ = {
			isa = PBXGroup;
			children = (
				716FC6BF259EF0E4B4768E6F /* AudioRecording.swift */,
				3459B7A1BC86817DE927F2E0 /* NoteStoring.swift */,
				2D545B4DC030D2EB9957215B /* RecordingToggleable.swift */,
				13C5EFA0D2FE5746EB439594 /* Transcribing.swift */,
			);
			path = Protocols;
			sourceTree = "<group>";
		};
		F4D2BA7D3E1619E67768F1E3 /* Sources */ = {
			isa = PBXGroup;
			children = (
				AF638E41E47BCF6C6E18178E /* Audio */,
				A062994AC617C047FF60C8C4 /* Transcription */,
				A1EFC6EACD01882BFBA97C4B /* Views */,
			);
			path = Sources;
			sourceTree = "<group>";
		};
		F6C2A1517174590CDB4ED4E8 /* WatchNoteTakerUITests */ = {
			isa = PBXGroup;
			children = (
				BAB0AB35F3F6B8248317C9D5 /* DemoFlowTest.swift */,
			);
			path = WatchNoteTakerUITests;
			sourceTree = "<group>";
		};
/* End PBXGroup section */

/* Begin PBXNativeTarget section */
		2D888CE2EEE28528AA09E63D /* WatchNoteTaker */ = {
			isa = PBXNativeTarget;
			buildConfigurationList = C2985639B0D5CF1810AFB64E /* Build configuration list for PBXNativeTarget "WatchNoteTaker" */;
			buildPhases = (
				153477C8473543260055CB99 /* Sources */,
				7593FB67CF5616ED90243171 /* Frameworks */,
			);
			buildRules = (
			);
			dependencies = (
			);
			name = WatchNoteTaker;
			packageProductDependencies = (
				236845C524B6409B34C78785 /* WhisperKit */,
			);
			productName = WatchNoteTaker;
			productReference = 58592AC8AA7D9B8CFEEFF388 /* WatchNoteTaker.app */;
			productType = "com.apple.product-type.application";
		};
		BC5171E6AB426984A6C644A1 /* WatchNoteTakerPhone */ = {
			isa = PBXNativeTarget;
			buildConfigurationList = 97048A99E179FBD5F08E15EE /* Build configuration list for PBXNativeTarget "WatchNoteTakerPhone" */;
			buildPhases = (
				F2D62D656113FE9C4C372E6C /* Sources */,
				F3E76C8E6D3CFD1BB08EFF5E /* Resources */,
				5D921A518EA1066A5D25120C /* Frameworks */,
			);
			buildRules = (
			);
			dependencies = (
			);
			name = WatchNoteTakerPhone;
			packageProductDependencies = (
				F26959D9A7ECCD0512DB8F3E /* WhisperKit */,
			);
			productName = WatchNoteTakerPhone;
			productReference = 63C6E30B489412167DC4D921 /* WatchNoteTakerPhone.app */;
			productType = "com.apple.product-type.application";
		};
		BE42980EA5A83367161916E8 /* WatchNoteTakerUITests */ = {
			isa = PBXNativeTarget;
			buildConfigurationList = 2BF79839550B42B5CD62C88A /* Build configuration list for PBXNativeTarget "WatchNoteTakerUITests" */;
			buildPhases = (
				DD0E6FB089428987940838D6 /* Sources */,
			);
			buildRules = (
			);
			dependencies = (
				7CB664A0223509753D5424A6 /* PBXTargetDependency */,
			);
			name = WatchNoteTakerUITests;
			packageProductDependencies = (
			);
			productName = WatchNoteTakerUITests;
			productReference = E10067350EA9C65E4BFA946E /* WatchNoteTakerUITests.xctest */;
			productType = "com.apple.product-type.bundle.ui-testing";
		};
		C84D80A2D9F02A67F0FE67F0 /* WatchNoteTakerTests */ = {
			isa = PBXNativeTarget;
			buildConfigurationList = 67B3FE82FE608232CB7E07D6 /* Build configuration list for PBXNativeTarget "WatchNoteTakerTests" */;
			buildPhases = (
				36134078D63EBBD6B026BBE9 /* Sources */,
			);
			buildRules = (
			);
			dependencies = (
				AAB885F8DCEF4EC2AB124C25 /* PBXTargetDependency */,
			);
			name = WatchNoteTakerTests;
			packageProductDependencies = (
			);
			productName = WatchNoteTakerTests;
			productReference = F94C5254F3C40D0B6E44BBBD /* WatchNoteTakerTests.xctest */;
			productType = "com.apple.product-type.bundle.unit-test";
		};
/* End PBXNativeTarget section */

/* Begin PBXProject section */
		EF998D9404C656506E0DE8B2 /* Project object */ = {
			isa = PBXProject;
			attributes = {
				BuildIndependentTargetsInParallel = YES;
				LastUpgradeCheck = 1600;
				TargetAttributes = {
					2D888CE2EEE28528AA09E63D = {
						DevelopmentTeam = 67ZYPV5TLL;
						ProvisioningStyle = Automatic;
					};
					BC5171E6AB426984A6C644A1 = {
						DevelopmentTeam = 67ZYPV5TLL;
						ProvisioningStyle = Automatic;
					};
					BE42980EA5A83367161916E8 = {
						TestTargetID = 2D888CE2EEE28528AA09E63D;
					};
				};
			};
			buildConfigurationList = 503CDF911324935BEE01A2C9 /* Build configuration list for PBXProject "WatchNoteTaker" */;
			developmentRegion = en;
			hasScannedForEncodings = 0;
			knownRegions = (
				Base,
				en,
			);
			mainGroup = D06A7C817CE0B94C5F04E3DB;
			minimizedProjectReferenceProxies = 1;
			packageReferences = (
				4257A2C4C60E32DA134565FA /* XCRemoteSwiftPackageReference "WhisperKit" */,
			);
			preferredProjectObjectVersion = 77;
			productRefGroup = 79B45CEB007267E38E795960 /* Products */;
			projectDirPath = "";
			projectRoot = "";
			targets = (
				2D888CE2EEE28528AA09E63D /* WatchNoteTaker */,
				BC5171E6AB426984A6C644A1 /* WatchNoteTakerPhone */,
				C84D80A2D9F02A67F0FE67F0 /* WatchNoteTakerTests */,
				BE42980EA5A83367161916E8 /* WatchNoteTakerUITests */,
			);
		};
/* End PBXProject section */

/* Begin PBXResourcesBuildPhase section */
		F3E76C8E6D3CFD1BB08EFF5E /* Resources */ = {
			isa = PBXResourcesBuildPhase;
			buildActionMask = 2147483647;
			files = (
				9867034100EB128EEAAB4C55 /* whisper-model.bundle in Resources */,
			);
			runOnlyForDeploymentPostprocessing = 0;
		};
/* End PBXResourcesBuildPhase section */

/* Begin PBXSourcesBuildPhase section */
		153477C8473543260055CB99 /* Sources */ = {
			isa = PBXSourcesBuildPhase;
			buildActionMask = 2147483647;
			files = (
				51A1FBBEEF014859B2A85678 /* ActionButtonIntent.swift in Sources */,
				C715FAA58BCD1E1182C46955 /* AudioConverter.swift in Sources */,
				A3BBEB19D88797896F502DA6 /* AudioRecorder.swift in Sources */,
				B6456617644A0520FD5E1994 /* AudioRecorderError.swift in Sources */,
				A97CD23E567E0EAB4C6B5B46 /* AudioRecording.swift in Sources */,
				015C75FEAC4608B32DE48F35 /* ConfirmationIndicator.swift in Sources */,
				49BEF78D895E04E72815D9A8 /* ErrorIndicator.swift in Sources */,
				9103DDAC8F9AF46BBB68D58B /* MarkdownFormatter.swift in Sources */,
				F30A46743F335D4716C5B248 /* MockAudioRecorderForDemo.swift in Sources */,
				EDE60AF6B4470A207855BDD6 /* MockTranscriptionForDemo.swift in Sources */,
				D2D3F45F893EAE016EC49DAE /* NoteStore.swift in Sources */,
				1DB73635FD7A5ED5099A10E5 /* NoteStoreError.swift in Sources */,
				7620B3534576B4DDE30BE552 /* NoteStoring.swift in Sources */,
				A9CD8E2A76F511E9B03F5FF8 /* ProcessingIndicator.swift in Sources */,
				D03A1968D5CCA8EF0238A4C3 /* ReadyIndicator.swift in Sources */,
				A8FC5E8D433CE1C5B85B2344 /* RecordingIndicator.swift in Sources */,
				AA6FFF114F9D25516A6D80B0 /* RecordingState.swift in Sources */,
				2B800944461E463A9BA2E01B /* RecordingToggleable.swift in Sources */,
				00B5E40EFAACEF80DCDD6FB7 /* RecordingView.swift in Sources */,
				E8FA9EDDD8B69361CFD9D44A /* RecordingViewModel.swift in Sources */,
				13A7FA00600194707B7566D4 /* SessionManager.swift in Sources */,
				1593F0AA101F6CAEFDF7B036 /* Transcribing.swift in Sources */,
				4E370EFADEE6E013918E36F2 /* TranscriptionEngine.swift in Sources */,
				D138BC95E07D4B5C4391E523 /* TranscriptionError.swift in Sources */,
				4D42DA4E1B17107D1E8CFEAC /* VADChunker.swift in Sources */,
				7EF029B5C8A1D6235FAD01AE /* WatchNoteTakerApp.swift in Sources */,
				8E58B08042BC9AEFA468AEA4 /* WatchPhoneConnector.swift in Sources */,
			);
			runOnlyForDeploymentPostprocessing = 0;
		};
		36134078D63EBBD6B026BBE9 /* Sources */ = {
			isa = PBXSourcesBuildPhase;
			buildActionMask = 2147483647;
			files = (
				4685D9EDE9B7DAA36032D83B /* ActionButtonIntentTests.swift in Sources */,
				525A1C8275FC1282F44193CD /* MarkdownFormatterTests.swift in Sources */,
				77B1CCC7B6D05182F4A189A1 /* MockAudioRecorder.swift in Sources */,
				EF85AA0A688791D19CF6F0FD /* MockNoteStore.swift in Sources */,
				2D9513135226BBBBD3C417C6 /* MockRecordingToggleable.swift in Sources */,
				487025E62A4EE5139697E2F5 /* MockTranscriptionEngine.swift in Sources */,
				A426E5D480EFF3E634EAF5AE /* NoteStoreTests.swift in Sources */,
				0E4B0654F0E9034225E21865 /* RecordingViewModelTests.swift in Sources */,
			);
			runOnlyForDeploymentPostprocessing = 0;
		};
		DD0E6FB089428987940838D6 /* Sources */ = {
			isa = PBXSourcesBuildPhase;
			buildActionMask = 2147483647;
			files = (
				6F1EDAFEE53C3A4521FB8F08 /* DemoFlowTest.swift in Sources */,
			);
			runOnlyForDeploymentPostprocessing = 0;
		};
		F2D62D656113FE9C4C372E6C /* Sources */ = {
			isa = PBXSourcesBuildPhase;
			buildActionMask = 2147483647;
			files = (
				8A86637483CA108F78D41017 /* ActionButtonIntent.swift in Sources */,
				F02ACF5659793D8126C827AB /* AudioConverter.swift in Sources */,
				A74607336CDFE5F9A55036D4 /* AudioRecorder.swift in Sources */,
				043ACB6FB8D466F0FCA29657 /* AudioRecorderError.swift in Sources */,
				480ABB8F6C5C4BFEC8A43918 /* AudioRecording.swift in Sources */,
				838F2A1BA97919E062EDCD2A /* MarkdownFormatter.swift in Sources */,
				E4D97ABBF894B42DD5E3C7A6 /* NoteStore.swift in Sources */,
				8E5DFCA49CB1821427BE370A /* NoteStoreError.swift in Sources */,
				604F5961E1EDDEC7C6432437 /* NoteStoring.swift in Sources */,
				5AE6CC5D2ECACCDA886DAF55 /* PhoneApp.swift in Sources */,
				67F9DEF492C205B610D67290 /* PhoneRecordingView.swift in Sources */,
				592948387E866AB7F5CF749A /* PhoneTranscriptionService.swift in Sources */,
				92A48B83ED8C6897F539EFC7 /* RecordingState.swift in Sources */,
				EE802871912DD6B00DC1943D /* RecordingToggleable.swift in Sources */,
				7177A68D7BCC4EF603FC3E47 /* RecordingViewModel.swift in Sources */,
				1C3B6D7104A7089218CA406A /* SessionManager.swift in Sources */,
				5F71C9C2586713F577AF1794 /* Transcribing.swift in Sources */,
				B9D90BDF0381F382FF007CCE /* TranscriptionEngine.swift in Sources */,
				03FBB263CBC7E452E0D4BABC /* TranscriptionError.swift in Sources */,
				E764549057040D94DCEA77B1 /* VADChunker.swift in Sources */,
				5AE26C5F3B693C6FD3B40612 /* VaultNoteStore.swift in Sources */,
				0856C2C296932DDCAABE2066 /* VaultWriter.swift in Sources */,
				32C571129F7A769D157849D6 /* WatchPhoneConnector.swift in Sources */,
			);
			runOnlyForDeploymentPostprocessing = 0;
		};
/* End PBXSourcesBuildPhase section */

/* Begin PBXTargetDependency section */
		7CB664A0223509753D5424A6 /* PBXTargetDependency */ = {
			isa = PBXTargetDependency;
			target = 2D888CE2EEE28528AA09E63D /* WatchNoteTaker */;
			targetProxy = 1080E791BCF8EF98E32EB7E7 /* PBXContainerItemProxy */;
		};
		AAB885F8DCEF4EC2AB124C25 /* PBXTargetDependency */ = {
			isa = PBXTargetDependency;
			target = 2D888CE2EEE28528AA09E63D /* WatchNoteTaker */;
			targetProxy = 025B9D0E789EF3928F91A7C0 /* PBXContainerItemProxy */;
		};
/* End PBXTargetDependency section */

/* Begin XCBuildConfiguration section */
		28D9C060A1BB050C66BFF877 /* Release */ = {
			isa = XCBuildConfiguration;
			buildSettings = {
				BUNDLE_LOADER = "$(TEST_HOST)";
				GENERATE_INFOPLIST_FILE = YES;
				LD_RUNPATH_SEARCH_PATHS = (
					"$(inherited)",
					"@executable_path/Frameworks",
					"@loader_path/Frameworks",
				);
				PRODUCT_BUNDLE_IDENTIFIER = com.watchnotetaker.tests;
				SDKROOT = watchos;
				SKIP_INSTALL = YES;
				SWIFT_VERSION = 6.0;
				TARGETED_DEVICE_FAMILY = 4;
				TEST_HOST = "$(BUILT_PRODUCTS_DIR)/WatchNoteTaker.app/WatchNoteTaker";
			};
			name = Release;
		};
		2ADA8E613293AD6593EF6D19 /* Debug */ = {
			isa = XCBuildConfiguration;
			buildSettings = {
				ALWAYS_SEARCH_USER_PATHS = NO;
				CLANG_ANALYZER_NONNULL = YES;
				CLANG_ANALYZER_NUMBER_OBJECT_CONVERSION = YES_AGGRESSIVE;
				CLANG_CXX_LANGUAGE_STANDARD = "gnu++14";
				CLANG_CXX_LIBRARY = "libc++";
				CLANG_ENABLE_MODULES = YES;
				CLANG_ENABLE_OBJC_ARC = YES;
				CLANG_ENABLE_OBJC_WEAK = YES;
				CLANG_WARN_BLOCK_CAPTURE_AUTORELEASING = YES;
				CLANG_WARN_BOOL_CONVERSION = YES;
				CLANG_WARN_COMMA = YES;
				CLANG_WARN_CONSTANT_CONVERSION = YES;
				CLANG_WARN_DEPRECATED_OBJC_IMPLEMENTATIONS = YES;
				CLANG_WARN_DIRECT_OBJC_ISA_USAGE = YES_ERROR;
				CLANG_WARN_DOCUMENTATION_COMMENTS = YES;
				CLANG_WARN_EMPTY_BODY = YES;
				CLANG_WARN_ENUM_CONVERSION = YES;
				CLANG_WARN_INFINITE_RECURSION = YES;
				CLANG_WARN_INT_CONVERSION = YES;
				CLANG_WARN_NON_LITERAL_NULL_CONVERSION = YES;
				CLANG_WARN_OBJC_IMPLICIT_RETAIN_SELF = YES;
				CLANG_WARN_OBJC_LITERAL_CONVERSION = YES;
				CLANG_WARN_OBJC_ROOT_CLASS = YES_ERROR;
				CLANG_WARN_QUOTED_INCLUDE_IN_FRAMEWORK_HEADER = YES;
				CLANG_WARN_RANGE_LOOP_ANALYSIS = YES;
				CLANG_WARN_STRICT_PROTOTYPES = YES;
				CLANG_WARN_SUSPICIOUS_MOVE = YES;
				CLANG_WARN_UNGUARDED_AVAILABILITY = YES_AGGRESSIVE;
				CLANG_WARN_UNREACHABLE_CODE = YES;
				CLANG_WARN__DUPLICATE_METHOD_MATCH = YES;
				COPY_PHASE_STRIP = NO;
				DEBUG_INFORMATION_FORMAT = dwarf;
				ENABLE_STRICT_OBJC_MSGSEND = YES;
				ENABLE_TESTABILITY = YES;
				GCC_C_LANGUAGE_STANDARD = gnu11;
				GCC_DYNAMIC_NO_PIC = NO;
				GCC_NO_COMMON_BLOCKS = YES;
				GCC_OPTIMIZATION_LEVEL = 0;
				GCC_PREPROCESSOR_DEFINITIONS = (
					"$(inherited)",
					"DEBUG=1",
				);
				GCC_WARN_64_TO_32_BIT_CONVERSION = YES;
				GCC_WARN_ABOUT_RETURN_TYPE = YES_ERROR;
				GCC_WARN_UNDECLARED_SELECTOR = YES;
				GCC_WARN_UNINITIALIZED_AUTOS = YES_AGGRESSIVE;
				GCC_WARN_UNUSED_FUNCTION = YES;
				GCC_WARN_UNUSED_VARIABLE = YES;
				IPHONEOS_DEPLOYMENT_TARGET = 17.0;
				MTL_ENABLE_DEBUG_INFO = INCLUDE_SOURCE;
				MTL_FAST_MATH = YES;
				ONLY_ACTIVE_ARCH = YES;
				PRODUCT_NAME = "$(TARGET_NAME)";
				SWIFT_ACTIVE_COMPILATION_CONDITIONS = DEBUG;
				SWIFT_OPTIMIZATION_LEVEL = "-Onone";
				SWIFT_VERSION = 5.0;
				WATCHOS_DEPLOYMENT_TARGET = 10.0;
			};
			name = Debug;
		};
		5C553A2429A03BCC8D7E0325 /* Release */ = {
			isa = XCBuildConfiguration;
			buildSettings = {
				ALWAYS_SEARCH_USER_PATHS = NO;
				CLANG_ANALYZER_NONNULL = YES;
				CLANG_ANALYZER_NUMBER_OBJECT_CONVERSION = YES_AGGRESSIVE;
				CLANG_CXX_LANGUAGE_STANDARD = "gnu++14";
				CLANG_CXX_LIBRARY = "libc++";
				CLANG_ENABLE_MODULES = YES;
				CLANG_ENABLE_OBJC_ARC = YES;
				CLANG_ENABLE_OBJC_WEAK = YES;
				CLANG_WARN_BLOCK_CAPTURE_AUTORELEASING = YES;
				CLANG_WARN_BOOL_CONVERSION = YES;
				CLANG_WARN_COMMA = YES;
				CLANG_WARN_CONSTANT_CONVERSION = YES;
				CLANG_WARN_DEPRECATED_OBJC_IMPLEMENTATIONS = YES;
				CLANG_WARN_DIRECT_OBJC_ISA_USAGE = YES_ERROR;
				CLANG_WARN_DOCUMENTATION_COMMENTS = YES;
				CLANG_WARN_EMPTY_BODY = YES;
				CLANG_WARN_ENUM_CONVERSION = YES;
				CLANG_WARN_INFINITE_RECURSION = YES;
				CLANG_WARN_INT_CONVERSION = YES;
				CLANG_WARN_NON_LITERAL_NULL_CONVERSION = YES;
				CLANG_WARN_OBJC_IMPLICIT_RETAIN_SELF = YES;
				CLANG_WARN_OBJC_LITERAL_CONVERSION = YES;
				CLANG_WARN_OBJC_ROOT_CLASS = YES_ERROR;
				CLANG_WARN_QUOTED_INCLUDE_IN_FRAMEWORK_HEADER = YES;
				CLANG_WARN_RANGE_LOOP_ANALYSIS = YES;
				CLANG_WARN_STRICT_PROTOTYPES = YES;
				CLANG_WARN_SUSPICIOUS_MOVE = YES;
				CLANG_WARN_UNGUARDED_AVAILABILITY = YES_AGGRESSIVE;
				CLANG_WARN_UNREACHABLE_CODE = YES;
				CLANG_WARN__DUPLICATE_METHOD_MATCH = YES;
				COPY_PHASE_STRIP = NO;
				DEBUG_INFORMATION_FORMAT = "dwarf-with-dsym";
				ENABLE_NS_ASSERTIONS = NO;
				ENABLE_STRICT_OBJC_MSGSEND = YES;
				GCC_C_LANGUAGE_STANDARD = gnu11;
				GCC_NO_COMMON_BLOCKS = YES;
				GCC_WARN_64_TO_32_BIT_CONVERSION = YES;
				GCC_WARN_ABOUT_RETURN_TYPE = YES_ERROR;
				GCC_WARN_UNDECLARED_SELECTOR = YES;
				GCC_WARN_UNINITIALIZED_AUTOS = YES_AGGRESSIVE;
				GCC_WARN_UNUSED_FUNCTION = YES;
				GCC_WARN_UNUSED_VARIABLE = YES;
				IPHONEOS_DEPLOYMENT_TARGET = 17.0;
				MTL_ENABLE_DEBUG_INFO = NO;
				MTL_FAST_MATH = YES;
				PRODUCT_NAME = "$(TARGET_NAME)";
				SWIFT_COMPILATION_MODE = wholemodule;
				SWIFT_OPTIMIZATION_LEVEL = "-O";
				SWIFT_VERSION = 5.0;
				WATCHOS_DEPLOYMENT_TARGET = 10.0;
			};
			name = Release;
		};
		71840520539A8805190B0578 /* Debug */ = {
			isa = XCBuildConfiguration;
			buildSettings = {
				ASSETCATALOG_COMPILER_APPICON_NAME = AppIcon;
				CODE_SIGN_ENTITLEMENTS = WatchNoteTaker/WatchNoteTaker.entitlements;
				CODE_SIGN_IDENTITY = "Apple Development";
				CODE_SIGN_STYLE = Automatic;
				DEVELOPMENT_TEAM = 67ZYPV5TLL;
				GENERATE_INFOPLIST_FILE = YES;
				INFOPLIST_KEY_NSHealthShareUsageDescription = "WatchNoteTaker uses a workout session to keep recording active.";
				INFOPLIST_KEY_NSHealthUpdateUsageDescription = "WatchNoteTaker uses a workout session to keep recording active.";
				INFOPLIST_KEY_NSMicrophoneUsageDescription = "WatchNoteTaker records voice notes for transcription.";
				INFOPLIST_KEY_WKApplication_InterfaceOrientation = UIInterfaceOrientationPortrait;
				INFOPLIST_KEY_WKBackgroundModes = "workout-processing";
				INFOPLIST_KEY_WKCompanionAppBundleIdentifier = com.watchnotetaker;
				INFOPLIST_KEY_WKRunsIndependentlyOfCompanionApp = YES;
				PRODUCT_BUNDLE_IDENTIFIER = com.watchnotetaker.watchkitapp;
				SDKROOT = watchos;
				SKIP_INSTALL = YES;
				SWIFT_VERSION = 6.0;
				TARGETED_DEVICE_FAMILY = 4;
			};
			name = Debug;
		};
		7B8E2C9723CC7C2AEF8861B3 /* Release */ = {
			isa = XCBuildConfiguration;
			buildSettings = {
				ASSETCATALOG_COMPILER_APPICON_NAME = AppIcon;
				CODE_SIGN_IDENTITY = "Apple Development";
				CODE_SIGN_STYLE = Automatic;
				DEVELOPMENT_TEAM = 67ZYPV5TLL;
				GENERATE_INFOPLIST_FILE = YES;
				INFOPLIST_KEY_NSMicrophoneUsageDescription = "WatchNoteTaker records voice notes for transcription.";
				INFOPLIST_KEY_UIBackgroundModes = audio;
				INFOPLIST_KEY_UILaunchScreen_Generation = YES;
				LD_RUNPATH_SEARCH_PATHS = (
					"$(inherited)",
					"@executable_path/Frameworks",
				);
				PRODUCT_BUNDLE_IDENTIFIER = com.watchnotetaker;
				SDKROOT = iphoneos;
				SWIFT_VERSION = 6.0;
				TARGETED_DEVICE_FAMILY = 1;
			};
			name = Release;
		};
		848F0DFED8F347E3D05C7EB9 /* Release */ = {
			isa = XCBuildConfiguration;
			buildSettings = {
				ASSETCATALOG_COMPILER_APPICON_NAME = AppIcon;
				CODE_SIGN_ENTITLEMENTS = WatchNoteTaker/WatchNoteTaker.entitlements;
				CODE_SIGN_IDENTITY = "Apple Development";
				CODE_SIGN_STYLE = Automatic;
				DEVELOPMENT_TEAM = 67ZYPV5TLL;
				GENERATE_INFOPLIST_FILE = YES;
				INFOPLIST_KEY_NSHealthShareUsageDescription = "WatchNoteTaker uses a workout session to keep recording active.";
				INFOPLIST_KEY_NSHealthUpdateUsageDescription = "WatchNoteTaker uses a workout session to keep recording active.";
				INFOPLIST_KEY_NSMicrophoneUsageDescription = "WatchNoteTaker records voice notes for transcription.";
				INFOPLIST_KEY_WKApplication_InterfaceOrientation = UIInterfaceOrientationPortrait;
				INFOPLIST_KEY_WKBackgroundModes = "workout-processing";
				INFOPLIST_KEY_WKCompanionAppBundleIdentifier = com.watchnotetaker;
				INFOPLIST_KEY_WKRunsIndependentlyOfCompanionApp = YES;
				PRODUCT_BUNDLE_IDENTIFIER = com.watchnotetaker.watchkitapp;
				SDKROOT = watchos;
				SKIP_INSTALL = YES;
				SWIFT_VERSION = 6.0;
				TARGETED_DEVICE_FAMILY = 4;
			};
			name = Release;
		};
		AC045EEFBC028A54110D6244 /* Release */ = {
			isa = XCBuildConfiguration;
			buildSettings = {
				BUNDLE_LOADER = "$(TEST_HOST)";
				GENERATE_INFOPLIST_FILE = YES;
				LD_RUNPATH_SEARCH_PATHS = (
					"$(inherited)",
					"@executable_path/Frameworks",
					"@loader_path/Frameworks",
				);
				PRODUCT_BUNDLE_IDENTIFIER = com.watchnotetaker.uitests;
				SDKROOT = watchos;
				SKIP_INSTALL = YES;
				SWIFT_VERSION = 6.0;
				TARGETED_DEVICE_FAMILY = 4;
				TEST_TARGET_NAME = WatchNoteTaker;
			};
			name = Release;
		};
		D016CAD914B85A3C155F1A42 /* Debug */ = {
			isa = XCBuildConfiguration;
			buildSettings = {
				BUNDLE_LOADER = "$(TEST_HOST)";
				GENERATE_INFOPLIST_FILE = YES;
				LD_RUNPATH_SEARCH_PATHS = (
					"$(inherited)",
					"@executable_path/Frameworks",
					"@loader_path/Frameworks",
				);
				PRODUCT_BUNDLE_IDENTIFIER = com.watchnotetaker.tests;
				SDKROOT = watchos;
				SKIP_INSTALL = YES;
				SWIFT_VERSION = 6.0;
				TARGETED_DEVICE_FAMILY = 4;
				TEST_HOST = "$(BUILT_PRODUCTS_DIR)/WatchNoteTaker.app/WatchNoteTaker";
			};
			name = Debug;
		};
		EDA9A7B1E2DAE324187B431A /* Debug */ = {
			isa = XCBuildConfiguration;
			buildSettings = {
				ASSETCATALOG_COMPILER_APPICON_NAME = AppIcon;
				CODE_SIGN_IDENTITY = "Apple Development";
				CODE_SIGN_STYLE = Automatic;
				DEVELOPMENT_TEAM = 67ZYPV5TLL;
				GENERATE_INFOPLIST_FILE = YES;
				INFOPLIST_KEY_NSMicrophoneUsageDescription = "WatchNoteTaker records voice notes for transcription.";
				INFOPLIST_KEY_UIBackgroundModes = audio;
				INFOPLIST_KEY_UILaunchScreen_Generation = YES;
				LD_RUNPATH_SEARCH_PATHS = (
					"$(inherited)",
					"@executable_path/Frameworks",
				);
				PRODUCT_BUNDLE_IDENTIFIER = com.watchnotetaker;
				SDKROOT = iphoneos;
				SWIFT_VERSION = 6.0;
				TARGETED_DEVICE_FAMILY = 1;
			};
			name = Debug;
		};
		FC2B7EFBBCA3F81C544798C3 /* Debug */ = {
			isa = XCBuildConfiguration;
			buildSettings = {
				BUNDLE_LOADER = "$(TEST_HOST)";
				GENERATE_INFOPLIST_FILE = YES;
				LD_RUNPATH_SEARCH_PATHS = (
					"$(inherited)",
					"@executable_path/Frameworks",
					"@loader_path/Frameworks",
				);
				PRODUCT_BUNDLE_IDENTIFIER = com.watchnotetaker.uitests;
				SDKROOT = watchos;
				SKIP_INSTALL = YES;
				SWIFT_VERSION = 6.0;
				TARGETED_DEVICE_FAMILY = 4;
				TEST_TARGET_NAME = WatchNoteTaker;
			};
			name = Debug;
		};
/* End XCBuildConfiguration section */

/* Begin XCConfigurationList section */
		2BF79839550B42B5CD62C88A /* Build configuration list for PBXNativeTarget "WatchNoteTakerUITests" */ = {
			isa = XCConfigurationList;
			buildConfigurations = (
				FC2B7EFBBCA3F81C544798C3 /* Debug */,
				AC045EEFBC028A54110D6244 /* Release */,
			);
			defaultConfigurationIsVisible = 0;
			defaultConfigurationName = Debug;
		};
		503CDF911324935BEE01A2C9 /* Build configuration list for PBXProject "WatchNoteTaker" */ = {
			isa = XCConfigurationList;
			buildConfigurations = (
				2ADA8E613293AD6593EF6D19 /* Debug */,
				5C553A2429A03BCC8D7E0325 /* Release */,
			);
			defaultConfigurationIsVisible = 0;
			defaultConfigurationName = Debug;
		};
		67B3FE82FE608232CB7E07D6 /* Build configuration list for PBXNativeTarget "WatchNoteTakerTests" */ = {
			isa = XCConfigurationList;
			buildConfigurations = (
				D016CAD914B85A3C155F1A42 /* Debug */,
				28D9C060A1BB050C66BFF877 /* Release */,
			);
			defaultConfigurationIsVisible = 0;
			defaultConfigurationName = Debug;
		};
		97048A99E179FBD5F08E15EE /* Build configuration list for PBXNativeTarget "WatchNoteTakerPhone" */ = {
			isa = XCConfigurationList;
			buildConfigurations = (
				EDA9A7B1E2DAE324187B431A /* Debug */,
				7B8E2C9723CC7C2AEF8861B3 /* Release */,
			);
			defaultConfigurationIsVisible = 0;
			defaultConfigurationName = Debug;
		};
		C2985639B0D5CF1810AFB64E /* Build configuration list for PBXNativeTarget "WatchNoteTaker" */ = {
			isa = XCConfigurationList;
			buildConfigurations = (
				71840520539A8805190B0578 /* Debug */,
				848F0DFED8F347E3D05C7EB9 /* Release */,
			);
			defaultConfigurationIsVisible = 0;
			defaultConfigurationName = Debug;
		};
/* End XCConfigurationList section */

/* Begin XCRemoteSwiftPackageReference section */
		4257A2C4C60E32DA134565FA /* XCRemoteSwiftPackageReference "WhisperKit" */ = {
			isa = XCRemoteSwiftPackageReference;
			repositoryURL = "https://github.com/argmaxinc/WhisperKit.git";
			requirement = {
				kind = upToNextMajorVersion;
				minimumVersion = 0.9.0;
			};
		};
/* End XCRemoteSwiftPackageReference section */

/* Begin XCSwiftPackageProductDependency section */
		236845C524B6409B34C78785 /* WhisperKit */ = {
			isa = XCSwiftPackageProductDependency;
			package = 4257A2C4C60E32DA134565FA /* XCRemoteSwiftPackageReference "WhisperKit" */;
			productName = WhisperKit;
		};
		F26959D9A7ECCD0512DB8F3E /* WhisperKit */ = {
			isa = XCSwiftPackageProductDependency;
			package = 4257A2C4C60E32DA134565FA /* XCRemoteSwiftPackageReference "WhisperKit" */;
			productName = WhisperKit;
		};
/* End XCSwiftPackageProductDependency section */
	};
	rootObject = EF998D9404C656506E0DE8B2 /* Project object */;
}
